dependencies:
- name: qdrant
  repository: https://qdrant.to/helm
  version: 1.14.1
- name: community-operator
  repository: https://mongodb.github.io/helm-charts
  version: 0.13.0
- name: signoz
  repository: https://charts.signoz.io
  version: 0.86.0
digest: sha256:52f578a4dec8d1a5ff5c91724ba02d64a6281ded7bc22663202e026a997a932e
generated: "2025-07-24T19:40:22.517251+05:30"
